<Project xmlns="http://schemas.microsoft.com/developer/msbuild/2003">
    <PropertyGroup>
        <ProjectGuid>{8E7334C2-7CB1-4F08-AF41-DC30FAC0967B}</ProjectGuid>
        <ProjectVersion>14.6</ProjectVersion>
        <FrameworkType>VCL</FrameworkType>
        <MainSource>Kiosk.dpr</MainSource>
        <Base>True</Base>
        <Config Condition="'$(Config)'==''">Release</Config>
        <Platform Condition="'$(Platform)'==''">Win32</Platform>
        <TargetedPlatforms>1</TargetedPlatforms>
        <AppType>Application</AppType>
    </PropertyGroup>
    <PropertyGroup Condition="'$(Config)'=='Base' or '$(Base)'!=''">
        <Base>true</Base>
    </PropertyGroup>
    <PropertyGroup Condition="('$(Platform)'=='Win32' and '$(Base)'=='true') or '$(Base_Win32)'!=''">
        <Base_Win32>true</Base_Win32>
        <CfgParent>Base</CfgParent>
        <Base>true</Base>
    </PropertyGroup>
    <PropertyGroup Condition="('$(Platform)'=='Win64' and '$(Base)'=='true') or '$(Base_Win64)'!=''">
        <Base_Win64>true</Base_Win64>
        <CfgParent>Base</CfgParent>
        <Base>true</Base>
    </PropertyGroup>
    <PropertyGroup Condition="'$(Config)'=='Debug' or '$(Cfg_1)'!=''">
        <Cfg_1>true</Cfg_1>
        <CfgParent>Base</CfgParent>
        <Base>true</Base>
    </PropertyGroup>
    <PropertyGroup Condition="('$(Platform)'=='Win32' and '$(Cfg_1)'=='true') or '$(Cfg_1_Win32)'!=''">
        <Cfg_1_Win32>true</Cfg_1_Win32>
        <CfgParent>Cfg_1</CfgParent>
        <Cfg_1>true</Cfg_1>
        <Base>true</Base>
    </PropertyGroup>
    <PropertyGroup Condition="'$(Config)'=='Release' or '$(Cfg_2)'!=''">
        <Cfg_2>true</Cfg_2>
        <CfgParent>Base</CfgParent>
        <Base>true</Base>
    </PropertyGroup>
    <PropertyGroup Condition="('$(Platform)'=='Win32' and '$(Cfg_2)'=='true') or '$(Cfg_2_Win32)'!=''">
        <Cfg_2_Win32>true</Cfg_2_Win32>
        <CfgParent>Cfg_2</CfgParent>
        <Cfg_2>true</Cfg_2>
        <Base>true</Base>
    </PropertyGroup>
    <PropertyGroup Condition="'$(Base)'!=''">
        <VerInfo_Keys>CompanyName=Alano and Sons Credit Corporation;FileDescription=Employee Self-Service Kiosk;FileVersion=1.0.1.18;InternalName=Kiosk;LegalCopyright=;LegalTrademarks=;OriginalFilename=Kiosk.exe;ProductName=;ProductVersion=1.0.0.0;Comments=</VerInfo_Keys>
        <VerInfo_IncludeVerInfo>true</VerInfo_IncludeVerInfo>
        <Manifest_File>None</Manifest_File>
        <VerInfo_Locale>3081</VerInfo_Locale>
        <VerInfo_Release>1</VerInfo_Release>
        <VerInfo_Build>18</VerInfo_Build>
        <DCC_Namespace>System;Xml;Data;Datasnap;Web;Soap;Vcl;Vcl.Imaging;Vcl.Touch;Vcl.Samples;Vcl.Shell;$(DCC_Namespace)</DCC_Namespace>
        <Icon_MainIcon>$(BDS)\bin\delphi_PROJECTICON.ico</Icon_MainIcon>
        <DCC_DcuOutput>.\$(Platform)\$(Config)</DCC_DcuOutput>
        <DCC_ExeOutput>.\$(Platform)\$(Config)</DCC_ExeOutput>
        <DCC_E>false</DCC_E>
        <DCC_N>false</DCC_N>
        <DCC_S>false</DCC_S>
        <DCC_F>false</DCC_F>
        <DCC_K>false</DCC_K>
    </PropertyGroup>
    <PropertyGroup Condition="'$(Base_Win32)'!=''">
        <DCC_UsePackage>JvGlobus;dxBarRS18;dxPSCoreRS18;JvMM;JvManagedThreads;dxPScxPCProdRS18;dxSkinOffice2007GreenRS18;dxSkinBlueRS18;frxDB18;dxDockingRS18;dxThemeRS18;dxSkinsdxRibbonPainterRS18;JvCrypt;dxSkinOffice2007BlueRS18;DBXInterBaseDriver;DataSnapCommon;dxSkinsdxBarPainterRS18;JvNet;JvDotNetCtrls;DbxCommonDriver;vclimg;dbxcds;JvXPCtrls;dxSkinscxPCPainterRS18;vcldb;dxSkinDarkRoomRS18;cxExportRS18;dcldxSkinsCoreRS18;CustomIPTransport;dxSkinBlueprintRS18;IndyIPServer;dxSkinOffice2010BlueRS18;IndyCore;cxVerticalGridRS18;dxADOServerModeRS18;dxSkinDarkSideRS18;JvDB;JvRuntimeDesign;cxEditorsRS18;cxPageControldxBarPopupMenuRS18;cxSchedulerRS18;dxSpellCheckerRS18;JclDeveloperTools;dxSkinSharpPlusRS18;dxSkinValentineRS18;dxRibbonRS18;dxSkinGlassOceansRS18;cxBarEditItemRS18;cxPageControlRS18;dxSkinSharpRS18;dbrtl;dxSkinDevExpressDarkStyleRS18;JvPluginSystem;dxSkinXmas2008BlueRS18;DBXOdbcDriver;JvCmp;JvTimeFramework;dxBarExtItemsRS18;frxe18;dxSkinLiquidSkyRS18;dxSkinPumpkinRS18;bindengine;cxSpreadSheetRS18;Jcl;vclie;cxPivotGridRS18;dxmdsRS18;dxBarDBNavRS18;dxTileControlRS18;dxComnRS18;dxBarExtDBItemsRS18;DBXInformixDriver;Intraweb;dxNavBarRS18;DBXFirebirdDriver;dxSkinscxSchedulerPainterRS18;JvPascalInterpreter;dxSkinWhiteprintRS18;vclx;DBXSybaseASADriver;dxorgcRS18;dbexpress;dxSkinOffice2007BlackRS18;dxSkinSummer2008RS18;IndyIPClient;dxSkinBlackRS18;JvBDE;dxGDIPlusRS18;dxSkinCoffeeRS18;dxLayoutControlRS18;dxSkinMoneyTwinsRS18;dxSkinVS2010RS18;DBXSqliteDriver;JvDlgs;IndySystem;frx18;cxSchedulerGridRS18;dxtrmdRS18;DataSnapProviderClient;DBXSybaseASEDriver;dxSkinSilverRS18;dxTabbedMDIRS18;DBXDb2Driver;dxSkinOffice2010SilverRS18;DBXOracleDriver;dxServerModeRS18;JvCore;dxdborRS18;dxSkinsdxDLPainterRS18;vcl;IndyIPCommon;DBXMSSQLDriver;CodeSiteExpressPkg;cxPivotGridChartRS18;JvAppFrm;dxSkinsCoreRS18;dxSkinLondonLiquidSkyRS18;cxLibraryRS18;JvDocking;adortl;JvWizards;dxSkinDevExpressStyleRS18;dxSkinTheAsphaltWorldRS18;dxSkinSpringTimeRS18;dxSkinHighContrastRS18;JvHMI;dxSkinCaramelRS18;JvBands;dxSkinOffice2007SilverRS18;rtl;DbxClientDriver;JclContainers;dxSkinStardustRS18;JvSystem;svnui;JvControls;dxDBXServerModeRS18;IndyProtocols;DBXMySQLDriver;dxSkiniMaginaryRS18;dxFlowChartRS18;JvJans;JvPrintPreview;JvPageComps;JvStdCtrls;JvCustom;dxSkinMcSkinRS18;vcltouch;dxSkinOffice2007PinkRS18;cxGridRS18;dxSkinSevenRS18;dxSkinOffice2010BlackRS18;dxdbtrRS18;dxCoreRS18;dxSkinFoggyRS18;JclVcl;dxSkinsdxNavBarPainterRS18;dxSkinSevenClassicRS18;svn;dxSkinLilianRS18;cxPivotGridOLAPRS18;cxDataRS18;bdertl;DataSnapIndy10ServerTransport;$(DCC_UsePackage)</DCC_UsePackage>
        <Manifest_File>$(BDS)\bin\default_app.manifest</Manifest_File>
        <VerInfo_Locale>1033</VerInfo_Locale>
        <VerInfo_Keys>CompanyName=;FileDescription=;FileVersion=1.0.0.0;InternalName=;LegalCopyright=;LegalTrademarks=;OriginalFilename=;ProductName=;ProductVersion=1.0.0.0;Comments=</VerInfo_Keys>
        <VerInfo_IncludeVerInfo>true</VerInfo_IncludeVerInfo>
        <DCC_Namespace>Winapi;System.Win;Data.Win;Datasnap.Win;Web.Win;Soap.Win;Xml.Win;Bde;$(DCC_Namespace)</DCC_Namespace>
    </PropertyGroup>
    <PropertyGroup Condition="'$(Base_Win64)'!=''">
        <DCC_UsePackage>dxBarRS18;dxPSCoreRS18;dxDockingRS18;dxThemeRS18;DBXInterBaseDriver;DataSnapCommon;DbxCommonDriver;vclimg;dbxcds;vcldb;cxExportRS18;CustomIPTransport;IndyIPServer;IndyCore;cxVerticalGridRS18;dxADOServerModeRS18;cxEditorsRS18;cxPageControldxBarPopupMenuRS18;cxSchedulerRS18;dxSpellCheckerRS18;dxRibbonRS18;cxBarEditItemRS18;cxPageControlRS18;dbrtl;DBXOdbcDriver;dxBarExtItemsRS18;bindengine;cxSpreadSheetRS18;vclie;cxPivotGridRS18;dxmdsRS18;dxBarDBNavRS18;dxTileControlRS18;dxComnRS18;dxBarExtDBItemsRS18;DBXInformixDriver;Intraweb;dxNavBarRS18;DBXFirebirdDriver;vclx;DBXSybaseASADriver;dxorgcRS18;dbexpress;IndyIPClient;dxGDIPlusRS18;dxLayoutControlRS18;DBXSqliteDriver;IndySystem;cxSchedulerGridRS18;dxtrmdRS18;DataSnapProviderClient;DBXSybaseASEDriver;dxTabbedMDIRS18;DBXDb2Driver;DBXOracleDriver;dxServerModeRS18;dxdborRS18;vcl;IndyIPCommon;DBXMSSQLDriver;cxPivotGridChartRS18;dxSkinsCoreRS18;cxLibraryRS18;adortl;rtl;DbxClientDriver;dxDBXServerModeRS18;IndyProtocols;DBXMySQLDriver;dxFlowChartRS18;vcltouch;cxGridRS18;dxdbtrRS18;dxCoreRS18;cxPivotGridOLAPRS18;cxDataRS18;DataSnapIndy10ServerTransport;$(DCC_UsePackage)</DCC_UsePackage>
    </PropertyGroup>
    <PropertyGroup Condition="'$(Cfg_1)'!=''">
        <DCC_Define>DEBUG;$(DCC_Define)</DCC_Define>
        <DCC_DebugDCUs>true</DCC_DebugDCUs>
        <DCC_Optimize>false</DCC_Optimize>
        <DCC_GenerateStackFrames>true</DCC_GenerateStackFrames>
        <DCC_DebugInfoInExe>true</DCC_DebugInfoInExe>
        <DCC_RemoteDebug>true</DCC_RemoteDebug>
    </PropertyGroup>
    <PropertyGroup Condition="'$(Cfg_1_Win32)'!=''">
        <Manifest_File>$(BDS)\bin\default_app.manifest</Manifest_File>
        <VerInfo_Build>15</VerInfo_Build>
        <Icon_MainIcon>..\_images\Kiosk.ico</Icon_MainIcon>
        <VerInfo_Keys>CompanyName=Alano and Sons Credit Corporation;FileDescription=Employee Self-Service Kiosk;FileVersion=1.0.1.15;InternalName=Kiosk;LegalCopyright=;LegalTrademarks=;OriginalFilename=Kiosk.exe;ProductName=;ProductVersion=1.0.0.0;Comments=</VerInfo_Keys>
        <DCC_UnitSearchPath>..\_dcu;..\Base;..\Security;..\TimeAttendance;..\Employee;..\Paf;..\Leave;..\Payroll;..\Service;$(DCC_UnitSearchPath)</DCC_UnitSearchPath>
        <VerInfo_Locale>1033</VerInfo_Locale>
        <DCC_DcpOutput>..\_dcp</DCC_DcpOutput>
        <DCC_DcuOutput>..\_dcu</DCC_DcuOutput>
        <DCC_ExeOutput>..\</DCC_ExeOutput>
        <DCC_RemoteDebug>false</DCC_RemoteDebug>
    </PropertyGroup>
    <PropertyGroup Condition="'$(Cfg_2)'!=''">
        <DCC_LocalDebugSymbols>false</DCC_LocalDebugSymbols>
        <DCC_Define>RELEASE;$(DCC_Define)</DCC_Define>
        <DCC_SymbolReferenceInfo>0</DCC_SymbolReferenceInfo>
        <DCC_DebugInformation>false</DCC_DebugInformation>
    </PropertyGroup>
    <PropertyGroup Condition="'$(Cfg_2_Win32)'!=''">
        <VerInfo_Build>24</VerInfo_Build>
        <Manifest_File>$(BDS)\bin\default_app.manifest</Manifest_File>
        <VerInfo_PreRelease>true</VerInfo_PreRelease>
        <VerInfo_Keys>CompanyName=ASCC Credit Corporation;FileDescription=Self-Service Kiosk;FileVersion=1.0.1.24;InternalName=Kiosk;LegalCopyright=;LegalTrademarks=;OriginalFilename=;ProductName=;ProductVersion=1.0.0.0;Comments=</VerInfo_Keys>
        <Icon_MainIcon>..\_images\Kiosk.ico</Icon_MainIcon>
        <DCC_DcpOutput>..\_dcp</DCC_DcpOutput>
        <DCC_UnitSearchPath>..\_dcu;..\Base;..\Security;..\TimeAttendance;..\Employee;..\Paf;..\Leave;..\Payroll;..\Service;$(DCC_UnitSearchPath)</DCC_UnitSearchPath>
        <VerInfo_Locale>1033</VerInfo_Locale>
        <DCC_ExeOutput>..\_bin</DCC_ExeOutput>
        <DCC_DcuOutput>..\_dcu</DCC_DcuOutput>
    </PropertyGroup>
    <ItemGroup>
        <DelphiCompile Include="$(MainSource)">
            <MainSource>MainSource</MainSource>
        </DelphiCompile>
        <DCCReference Include="KioskMain.pas">
            <Form>fKioskMain</Form>
        </DCCReference>
        <BuildConfiguration Include="Release">
            <Key>Cfg_2</Key>
            <CfgParent>Base</CfgParent>
        </BuildConfiguration>
        <BuildConfiguration Include="Base">
            <Key>Base</Key>
        </BuildConfiguration>
        <BuildConfiguration Include="Debug">
            <Key>Cfg_1</Key>
            <CfgParent>Base</CfgParent>
        </BuildConfiguration>
    </ItemGroup>
    <ProjectExtensions>
        <Borland.Personality>Delphi.Personality.12</Borland.Personality>
        <Borland.ProjectType/>
        <BorlandProject>
            <Delphi.Personality>
                <VersionInfo>
                    <VersionInfo Name="IncludeVerInfo">False</VersionInfo>
                    <VersionInfo Name="AutoIncBuild">False</VersionInfo>
                    <VersionInfo Name="MajorVer">1</VersionInfo>
                    <VersionInfo Name="MinorVer">0</VersionInfo>
                    <VersionInfo Name="Release">0</VersionInfo>
                    <VersionInfo Name="Build">0</VersionInfo>
                    <VersionInfo Name="Debug">False</VersionInfo>
                    <VersionInfo Name="PreRelease">False</VersionInfo>
                    <VersionInfo Name="Special">False</VersionInfo>
                    <VersionInfo Name="Private">False</VersionInfo>
                    <VersionInfo Name="DLL">False</VersionInfo>
                    <VersionInfo Name="Locale">3081</VersionInfo>
                    <VersionInfo Name="CodePage">1252</VersionInfo>
                </VersionInfo>
                <VersionInfoKeys>
                    <VersionInfoKeys Name="CompanyName"/>
                    <VersionInfoKeys Name="FileDescription"/>
                    <VersionInfoKeys Name="FileVersion">1.0.0.0</VersionInfoKeys>
                    <VersionInfoKeys Name="InternalName"/>
                    <VersionInfoKeys Name="LegalCopyright"/>
                    <VersionInfoKeys Name="LegalTrademarks"/>
                    <VersionInfoKeys Name="OriginalFilename"/>
                    <VersionInfoKeys Name="ProductName"/>
                    <VersionInfoKeys Name="ProductVersion">1.0.0.0</VersionInfoKeys>
                    <VersionInfoKeys Name="Comments"/>
                    <VersionInfoKeys Name="CFBundleName"/>
                    <VersionInfoKeys Name="CFBundleDisplayName"/>
                    <VersionInfoKeys Name="UIDeviceFamily"/>
                    <VersionInfoKeys Name="CFBundleIdentifier"/>
                    <VersionInfoKeys Name="CFBundleVersion"/>
                    <VersionInfoKeys Name="CFBundlePackageType"/>
                    <VersionInfoKeys Name="CFBundleSignature"/>
                    <VersionInfoKeys Name="CFBundleAllowMixedLocalizations"/>
                    <VersionInfoKeys Name="UISupportedInterfaceOrientations"/>
                    <VersionInfoKeys Name="CFBundleExecutable"/>
                    <VersionInfoKeys Name="CFBundleResourceSpecification"/>
                    <VersionInfoKeys Name="LSRequiresIPhoneOS"/>
                    <VersionInfoKeys Name="CFBundleInfoDictionaryVersion"/>
                    <VersionInfoKeys Name="CFBundleDevelopmentRegion"/>
                </VersionInfoKeys>
                <Source>
                    <Source Name="MainSource">Kiosk.dpr</Source>
                </Source>
                <Excluded_Packages>
                    <Excluded_Packages Name="C:\Users\Public\Documents\RAD Studio\11.0\Bpl\DSPackDesign_DXE4.bpl">DSPack 2.3: Multimedia Package for Delphi</Excluded_Packages>
                    <Excluded_Packages Name="$(BDSBIN)\dcloffice2k180.bpl">Microsoft Office 2000 Sample Automation Server Wrapper Components</Excluded_Packages>
                    <Excluded_Packages Name="$(BDSBIN)\dclofficexp180.bpl">Microsoft Office XP Sample Automation Server Wrapper Components</Excluded_Packages>
                </Excluded_Packages>
            </Delphi.Personality>
            <Deployment/>
            <Platforms>
                <Platform value="Win32">True</Platform>
                <Platform value="Win64">False</Platform>
            </Platforms>
        </BorlandProject>
        <ProjectFileVersion>12</ProjectFileVersion>
    </ProjectExtensions>
    <Import Project="$(BDS)\Bin\CodeGear.Delphi.Targets" Condition="Exists('$(BDS)\Bin\CodeGear.Delphi.Targets')"/>
    <Import Project="$(APPDATA)\Embarcadero\$(BDSAPPDATABASEDIR)\$(PRODUCTVERSION)\UserTools.proj" Condition="Exists('$(APPDATA)\Embarcadero\$(BDSAPPDATABASEDIR)\$(PRODUCTVERSION)\UserTools.proj')"/>
</Project>
